
Microsoft Visual Studio Solution File, Format Version 12.00
# Visual Studio 15
VisualStudioVersion = 15.0.28307.705
MinimumVisualStudioVersion = 10.0.40219.1
Project("{FAE04EC0-301F-11D3-BF4B-00C04F79EFBC}") = "MicroSoft", "MicroSoft\MicroSoft.csproj", "{6E9AFD02-6BC0-43FD-8638-48FF04E53475}"
EndProject
Global
	GlobalSection(SolutionConfigurationPlatforms) = preSolution
		Debug|Any CPU = Debug|Any CPU
		Release|Any CPU = Release|Any CPU
	EndGlobalSection
	GlobalSection(ProjectConfigurationPlatforms) = postSolution
		{6E9AFD02-6BC0-43FD-8638-48FF04E53475}.Debug|Any CPU.ActiveCfg = Debug|Any CPU
		{6E9AFD02-6BC0-43FD-8638-48FF04E53475}.Debug|Any CPU.Build.0 = Debug|Any CPU
		{6E9AFD02-6BC0-43FD-8638-48FF04E53475}.Release|Any CPU.ActiveCfg = Release|Any CPU
		{6E9AFD02-6BC0-43FD-8638-48FF04E53475}.Release|Any CPU.Build.0 = Release|Any CPU
	EndGlobalSection
	GlobalSection(SolutionProperties) = preSolution
		HideSolutionNode = FALSE
	EndGlobalSection
	GlobalSection(ExtensibilityGlobals) = postSolution
		SolutionGuid = {3C4CDFA9-1705-4681-8B56-78D41A545D89}
	EndGlobalSection
EndGlobal
